
Microsoft Visual Studio Solution File, Format Version 12.00
# Visual Studio Version 17
VisualStudioVersion = 17.12.35424.110
MinimumVisualStudioVersion = 10.0.40219.1
Project("{FAE04EC0-301F-11D3-BF4B-00C04F79EFBC}") = "H2OpticaLogic", "H2OpticaLogic\H2OpticaLogic.csproj", "{20AC5AFA-7FA8-4109-9585-2770BBA95C96}"
EndProject
Project("{FAE04EC0-301F-11D3-BF4B-00C04F79EFBC}") = "H2OpticaGUI", "H2OpticaGUI\H2OpticaGUI.csproj", "{E4199117-6A83-412D-BD57-91A38B4CBA2F}"
EndProject
Project("{2150E333-8FDC-42A3-9474-1A3956D46DE8}") = "Elementi di soluzione", "Elementi di soluzione", "{9DF70304-0A22-CE1E-AA12-D5904EE55694}"
	ProjectSection(SolutionItems) = preProject
		.gitignore = .gitignore
		SQLite.NET.chm = SQLite.NET.chm
	EndProjectSection
EndProject
Global
	GlobalSection(SolutionConfigurationPlatforms) = preSolution
		Debug|Any CPU = Debug|Any CPU
		Release|Any CPU = Release|Any CPU
	EndGlobalSection
	GlobalSection(ProjectConfigurationPlatforms) = postSolution
		{20AC5AFA-7FA8-4109-9585-2770BBA95C96}.Debug|Any CPU.ActiveCfg = Debug|Any CPU
		{20AC5AFA-7FA8-4109-9585-2770BBA95C96}.Debug|Any CPU.Build.0 = Debug|Any CPU
		{20AC5AFA-7FA8-4109-9585-2770BBA95C96}.Release|Any CPU.ActiveCfg = Release|Any CPU
		{20AC5AFA-7FA8-4109-9585-2770BBA95C96}.Release|Any CPU.Build.0 = Release|Any CPU
		{E4199117-6A83-412D-BD57-91A38B4CBA2F}.Debug|Any CPU.ActiveCfg = Debug|Any CPU
		{E4199117-6A83-412D-BD57-91A38B4CBA2F}.Debug|Any CPU.Build.0 = Debug|Any CPU
		{E4199117-6A83-412D-BD57-91A38B4CBA2F}.Release|Any CPU.ActiveCfg = Release|Any CPU
		{E4199117-6A83-412D-BD57-91A38B4CBA2F}.Release|Any CPU.Build.0 = Release|Any CPU
	EndGlobalSection
	GlobalSection(SolutionProperties) = preSolution
		HideSolutionNode = FALSE
	EndGlobalSection
EndGlobal
